{
  "name": "@falcon-eye/infra",
  "lockfileVersion": 3,
  "requires": true,
  "packages": {
    "": {
      "name": "@falcon-eye/infra",
      "devDependencies": {
        "sst": "^3.17.10"
      }
    },
    "../node_modules/.pnpm/sst@3.17.10/node_modules/sst": {
      "version": "3.17.10",
      "dev": true,
      "dependencies": {
        "aws-sdk": "2.1692.0",
        "aws4fetch": "1.0.18",
        "jose": "5.2.3",
        "opencontrol": "0.0.6",
        "openid-client": "5.6.4"
      },
      "bin": {
        "sst": "bin/sst.mjs"
      },
      "devDependencies": {
        "@tsconfig/node20": "20.1.4",
        "@types/node": "22.10.0",
        "hono": "4.3.9",
        "typescript": "5.7.2",
        "valibot": "^1.0.0-rc.3",
        "zod": "^3.24.2"
      },
      "optionalDependencies": {
        "sst-darwin-arm64": "3.17.10",
        "sst-darwin-x64": "3.17.10",
        "sst-linux-arm64": "3.17.10",
        "sst-linux-x64": "3.17.10",
        "sst-linux-x86": "3.17.10",
        "sst-win32-arm64": "3.17.10",
        "sst-win32-x64": "3.17.10",
        "sst-win32-x86": "3.17.10"
      }
    },
    "node_modules/sst": {
      "resolved": "../node_modules/.pnpm/sst@3.17.10/node_modules/sst",
      "link": true
    }
  }
}
